github.com/davecgh/go-spew v1.1.1/go.mod h1:J7Y8YcW2NihsgmVo/mv3lAwl/skON4iLHjSsI+c5H38=
github.com/hashgraph/hedera-sdk-go v0.3.0 h1:EtOf1K1YTqK5tYZaeeMOck/xp3LMKsUl527mB1DQBHw=
github.com/hashgraph/hedera-sdk-go v0.3.0/go.mod h1:C8/xpVs737289tvzWJSpM4eHy+eCeRjmpV7gQxht1xc=
github.com/markbates/oncer v0.0.0-20181203154359-bf2de49a0be2 h1:JgVTCPf0uBVcUSWpyXmGpgOc62nK5HWUBKAGc3Qqa5k=
github.com/markbates/oncer v0.0.0-20181203154359-bf2de49a0be2/go.mod h1:Ld9puTsIW75CHf65OeIOkyKbteujpZVXDpWK6YGZbxE=
github.com/mattn/go-pointer v0.0.0-20180825124634-49522c3f3791 h1:PfHMsLQJwoc0ccjK0sam6J0wQo4s8mOuAo2yQGw+T2U=
github.com/mattn/go-pointer v0.0.0-20180825124634-49522c3f3791/go.mod h1:2zXcozF6qYGgmsG+SeTZz3oAbFLdD3OWqnUbNvJZAlc=
github.com/pmezard/go-difflib v1.0.0/go.mod h1:iKH77koFhYxTK1pcRnkKkqfTogsbg7gZNVY4sRDYZ/4=
github.com/stretchr/testify v1.2.2/go.mod h1:a8OnRcib4nhh0OaRAV+Yts87kKdq0PP7pXfy6kDkUVs=
